{
  "name": "@pentode/cli",
  "version": "0.0.0",
  "lockfileVersion": 1,
  "requires": true,
  "dependencies": {
    "@types/yargs": {
      "version": "15.0.5",
      "resolved": "https://registry.npmjs.org/@types/yargs/-/yargs-15.0.5.tgz",
      "integrity": "sha512-Dk/IDOPtOgubt/IaevIUbTgV7doaKkoorvOyYM2CMwuDyP89bekI7H4xLIwunNYiK9jhCkmc6pUrJk3cj2AB9w==",
      "dev": true,
      "requires": {
        "@types/yargs-parser": "*"
      }
    },
    "@types/yargs-parser": {
      "version": "15.0.0",
      "resolved": "https://registry.npmjs.org/@types/yargs-parser/-/yargs-parser-15.0.0.tgz",
      "integrity": "sha512-FA/BWv8t8ZWJ+gEOnLLd8ygxH/2UFbAvgEonyfN6yWGLKc7zVjbpl2Y4CTjid9h2RfgPP6SEt6uHwEOply00yw==",
      "dev": true
    }
  }
}
